
Microsoft Visual Studio Solution File, Format Version 12.00
# Visual Studio Version 17
VisualStudioVersion = 17.5.33627.172
MinimumVisualStudioVersion = 10.0.40219.1
Project("{FAE04EC0-301F-11D3-BF4B-00C04F79EFBC}") = "LoginEntityFramework", "LoginEntityFramework\LoginEntityFramework.csproj", "{CD04D6D9-BECB-48CB-99C6-B5F3D1BC386D}"
EndProject
Global
	GlobalSection(SolutionConfigurationPlatforms) = preSolution
		Debug|Any CPU = Debug|Any CPU
		Release|Any CPU = Release|Any CPU
	EndGlobalSection
	GlobalSection(ProjectConfigurationPlatforms) = postSolution
		{CD04D6D9-BECB-48CB-99C6-B5F3D1BC386D}.Debug|Any CPU.ActiveCfg = Debug|Any CPU
		{CD04D6D9-BECB-48CB-99C6-B5F3D1BC386D}.Debug|Any CPU.Build.0 = Debug|Any CPU
		{CD04D6D9-BECB-48CB-99C6-B5F3D1BC386D}.Release|Any CPU.ActiveCfg = Release|Any CPU
		{CD04D6D9-BECB-48CB-99C6-B5F3D1BC386D}.Release|Any CPU.Build.0 = Release|Any CPU
	EndGlobalSection
	GlobalSection(SolutionProperties) = preSolution
		HideSolutionNode = FALSE
	EndGlobalSection
	GlobalSection(ExtensibilityGlobals) = postSolution
		SolutionGuid = {5EA52EC8-0C2F-4C40-B878-F7192C309439}
	EndGlobalSection
EndGlobal
